<?xml version="1.0" encoding="utf-8"?>
<Project ToolsVersion="4.0" xmlns="http://schemas.microsoft.com/developer/msbuild/2003">
  <ItemGroup>
    <Filter Include="Source Files">
      <UniqueIdentifier>{4FC737F1-C7A5-4376-A066-2A32D752A2FF}</UniqueIdentifier>
      <Extensions>cpp;c;cc;cxx;def;odl;idl;hpj;bat;asm;asmx</Extensions>
    </Filter>
    <Filter Include="Header Files">
      <UniqueIdentifier>{93995380-89BD-4b04-88EB-625FBE52EBFB}</UniqueIdentifier>
      <Extensions>h;hh;hpp;hxx;hm;inl;inc;xsd</Extensions>
    </Filter>
    <Filter Include="Resource Files">
      <UniqueIdentifier>{67DA6AB6-F800-4c08-8B7A-83BB121AAD01}</UniqueIdentifier>
      <Extensions>rc;ico;cur;bmp;dlg;rc2;rct;bin;rgs;gif;jpg;jpeg;jpe;resx;tiff;tif;png;wav;mfcribbon-ms</Extensions>
    </Filter>
    <Filter Include="Doc">
      <UniqueIdentifier>{5d0213da-edfb-47d0-9dc8-a48f00cffcb9}</UniqueIdentifier>
    </Filter>
    <Filter Include="Resource Files\oem_configs">
      <UniqueIdentifier>{9bd9620e-1dd7-4ade-9634-376f3659d191}</UniqueIdentifier>
    </Filter>
  </ItemGroup>
  <ItemGroup>
    <ClInclude Include="include\server.h">
      <Filter>Header Files</Filter>
    </ClInclude>
    <ClInclude Include="include\device_data_handler.h">
      <Filter>Header Files</Filter>
    </ClInclude>
    <ClInclude Include="include\plugin_log_adapter.h">
      <Filter>Header Files</Filter>
    </ClInclude>
    <ClInclude Include="include\plugin_log_msg.h">
      <Filter>Header Files</Filter>
    </ClInclude>
    <ClInclude Include="include\debug_printer.h">
      <Filter>Header Files</Filter>
    </ClInclude>
    <ClInclude Include="include\lua_operator.h">
      <Filter>Header Files</Filter>
    </ClInclude>
    <ClInclude Include="include\lua_task.h">
      <Filter>Header Files</Filter>
    </ClInclude>
    <ClInclude Include="include\inner_def.h">
      <Filter>Header Files</Filter>
    </ClInclude>
    <ClInclude Include="include\ptr_define.h">
      <Filter>Header Files</Filter>
    </ClInclude>
    <ClInclude Include="include\msg_define.h">
      <Filter>Header Files</Filter>
    </ClInclude>
    <ClInclude Include="include\device.h">
      <Filter>Header Files</Filter>
    </ClInclude>
    <ClInclude Include="include\data_package.h">
      <Filter>Header Files</Filter>
    </ClInclude>
    <ClInclude Include="include\device_manager.h">
      <Filter>Header Files</Filter>
    </ClInclude>
    <ClInclude Include="include\encode_function.h">
      <Filter>Header Files</Filter>
    </ClInclude>
    <ClInclude Include="include\jhl_crypto.h">
      <Filter>Header Files</Filter>
    </ClInclude>
    <ClInclude Include="include\jhl_md5.h">
      <Filter>Header Files</Filter>
    </ClInclude>
    <ClInclude Include="include\MD5.h">
      <Filter>Header Files</Filter>
    </ClInclude>
    <ClInclude Include="include\crc32.h">
      <Filter>Header Files</Filter>
    </ClInclude>
    <ClInclude Include="include\request_data_handler.h">
      <Filter>Header Files</Filter>
    </ClInclude>
    <ClInclude Include="include\port_manager.h">
      <Filter>Header Files</Filter>
    </ClInclude>
    <ClInclude Include="include\proxy_client_data_handler.h">
      <Filter>Header Files</Filter>
    </ClInclude>
    <ClInclude Include="include\proxy_server_data_handler.h">
      <Filter>Header Files</Filter>
    </ClInclude>
    <ClInclude Include="include\session_id_creator.h">
      <Filter>Header Files</Filter>
    </ClInclude>
    <ClInclude Include="include\msg_function.h">
      <Filter>Header Files</Filter>
    </ClInclude>
  </ItemGroup>
  <ItemGroup>
    <ClCompile Include="source\server.cpp">
      <Filter>Source Files</Filter>
    </ClCompile>
    <ClCompile Include="source\device_data_handler.cpp">
      <Filter>Source Files</Filter>
    </ClCompile>
    <ClCompile Include="source\plugin_log_adapter.cpp">
      <Filter>Source Files</Filter>
    </ClCompile>
    <ClCompile Include="source\debug_printer.cpp">
      <Filter>Source Files</Filter>
    </ClCompile>
    <ClCompile Include="source\lua_operator.cpp">
      <Filter>Source Files</Filter>
    </ClCompile>
    <ClCompile Include="source\lua_task.cpp">
      <Filter>Source Files</Filter>
    </ClCompile>
    <ClCompile Include="source\device.cpp">
      <Filter>Source Files</Filter>
    </ClCompile>
    <ClCompile Include="source\data_package.cpp">
      <Filter>Source Files</Filter>
    </ClCompile>
    <ClCompile Include="source\msg_define.cpp">
      <Filter>Source Files</Filter>
    </ClCompile>
    <ClCompile Include="source\crc32.cpp">
      <Filter>Source Files</Filter>
    </ClCompile>
    <ClCompile Include="source\encode_function.cpp">
      <Filter>Source Files</Filter>
    </ClCompile>
    <ClCompile Include="source\jhl_crypto.cpp">
      <Filter>Source Files</Filter>
    </ClCompile>
    <ClCompile Include="source\jhl_md5.cpp">
      <Filter>Source Files</Filter>
    </ClCompile>
    <ClCompile Include="source\device_manager.cpp">
      <Filter>Source Files</Filter>
    </ClCompile>
    <ClCompile Include="source\MD5.cpp">
      <Filter>Source Files</Filter>
    </ClCompile>
    <ClCompile Include="source\request_data_handler.cpp">
      <Filter>Source Files</Filter>
    </ClCompile>
    <ClCompile Include="source\inner_def.cpp">
      <Filter>Source Files</Filter>
    </ClCompile>
    <ClCompile Include="source\port_manager.cpp">
      <Filter>Source Files</Filter>
    </ClCompile>
    <ClCompile Include="source\proxy_client_data_handler.cpp">
      <Filter>Source Files</Filter>
    </ClCompile>
    <ClCompile Include="source\proxy_server_data_handler.cpp">
      <Filter>Source Files</Filter>
    </ClCompile>
    <ClCompile Include="source\session_id_creator.cpp">
      <Filter>Source Files</Filter>
    </ClCompile>
    <ClCompile Include="source\msg_function.cpp">
      <Filter>Source Files</Filter>
    </ClCompile>
    <ClCompile Include="source\main.cpp">
      <Filter>Source Files</Filter>
    </ClCompile>
  </ItemGroup>
  <ItemGroup>
    <Text Include="doc\流程描述.txt">
      <Filter>Doc</Filter>
    </Text>
  </ItemGroup>
  <ItemGroup>
    <None Include="doc\msg_define.json">
      <Filter>Doc</Filter>
    </None>
    <None Include="auto_pack.sh">
      <Filter>Resource Files</Filter>
    </None>
    <None Include="env.sh">
      <Filter>Resource Files</Filter>
    </None>
    <None Include="install.sh">
      <Filter>Resource Files</Filter>
    </None>
    <None Include="Makefile">
      <Filter>Resource Files</Filter>
    </None>
    <None Include="server.sh">
      <Filter>Resource Files</Filter>
    </None>
    <None Include="uninstall.sh">
      <Filter>Resource Files</Filter>
    </None>
    <None Include="urconfig.properties">
      <Filter>Resource Files</Filter>
    </None>
    <None Include=".iptv_server">
      <Filter>Resource Files</Filter>
    </None>
    <None Include="iptv_server.config">
      <Filter>Resource Files</Filter>
    </None>
    <None Include="iptv_server_monitor.sh">
      <Filter>Resource Files</Filter>
    </None>
    <None Include="iptv_serverd">
      <Filter>Resource Files</Filter>
    </None>
    <None Include="oem_configs\main.tmp">
      <Filter>Resource Files\oem_configs</Filter>
    </None>
  </ItemGroup>
  <ItemGroup>
    <Xml Include="plugins.xml">
      <Filter>Resource Files</Filter>
    </Xml>
  </ItemGroup>
</Project>